lockfileVersion: 5.4

importers:

  .:
    specifiers:
      pnpm: ^7.9.0
    devDependencies:
      pnpm: 7.26.3

packages:

  /pnpm/7.26.3:
    resolution: {integrity: sha512-Q/McJBmWoVmHMn5Nzf8Ty3gCPeOqq4fFbIP07Cg4Ygkvk01yu9LdXagydEHuvYIq0c/yU9+7EKeppUuuw1OX6Q==}
    engines: {node: '>=14.6'}
    hasBin: true
    dev: true
